Microsoft Visual Studio Solution File, Format Version 11.00
# Visual Studio 2008

Project("{6EFD75EB-0A9F-A6C0-DE84-6D140D22733D}") = "BackToTheMoon", "Assembly-CSharp-firstpass.csproj", "{4FB66330-256F-8D4D-8817-0F05493F00C2}"
EndProject
Project("{6EFD75EB-0A9F-A6C0-DE84-6D140D22733D}") = "BackToTheMoon", "Assembly-CSharp.csproj", "{E1613399-8DC2-832C-7E4B-150152CDAFD8}"
EndProject
Project("{6EFD75EB-0A9F-A6C0-DE84-6D140D22733D}") = "BackToTheMoon", "Assembly-CSharp-Editor-firstpass.csproj", "{21BDD723-BEEA-B99C-7267-207AF6CD60E8}"
EndProject
Project("{6EFD75EB-0A9F-A6C0-DE84-6D140D22733D}") = "BackToTheMoon", "Assembly-CSharp-Editor.csproj", "{E894BEF9-4265-6F3B-F15B-9CC027D8DB2A}"
EndProject
Global
	GlobalSection(SolutionConfigurationPlatforms) = preSolution
		Debug|Any CPU = Debug|Any CPU
		Release|Any CPU = Release|Any CPU
	EndGlobalSection
	GlobalSection(ProjectConfigurationPlatforms) = postSolution
		{4FB66330-256F-8D4D-8817-0F05493F00C2}.Debug|Any CPU.ActiveCfg = Debug|Any CPU
		{4FB66330-256F-8D4D-8817-0F05493F00C2}.Debug|Any CPU.Build.0 = Debug|Any CPU
		{4FB66330-256F-8D4D-8817-0F05493F00C2}.Release|Any CPU.ActiveCfg = Release|Any CPU
		{4FB66330-256F-8D4D-8817-0F05493F00C2}.Release|Any CPU.Build.0 = Release|Any CPU
		{E1613399-8DC2-832C-7E4B-150152CDAFD8}.Debug|Any CPU.ActiveCfg = Debug|Any CPU
		{E1613399-8DC2-832C-7E4B-150152CDAFD8}.Debug|Any CPU.Build.0 = Debug|Any CPU
		{E1613399-8DC2-832C-7E4B-150152CDAFD8}.Release|Any CPU.ActiveCfg = Release|Any CPU
		{E1613399-8DC2-832C-7E4B-150152CDAFD8}.Release|Any CPU.Build.0 = Release|Any CPU
		{21BDD723-BEEA-B99C-7267-207AF6CD60E8}.Debug|Any CPU.ActiveCfg = Debug|Any CPU
		{21BDD723-BEEA-B99C-7267-207AF6CD60E8}.Debug|Any CPU.Build.0 = Debug|Any CPU
		{21BDD723-BEEA-B99C-7267-207AF6CD60E8}.Release|Any CPU.ActiveCfg = Release|Any CPU
		{21BDD723-BEEA-B99C-7267-207AF6CD60E8}.Release|Any CPU.Build.0 = Release|Any CPU
		{E894BEF9-4265-6F3B-F15B-9CC027D8DB2A}.Debug|Any CPU.ActiveCfg = Debug|Any CPU
		{E894BEF9-4265-6F3B-F15B-9CC027D8DB2A}.Debug|Any CPU.Build.0 = Debug|Any CPU
		{E894BEF9-4265-6F3B-F15B-9CC027D8DB2A}.Release|Any CPU.ActiveCfg = Release|Any CPU
		{E894BEF9-4265-6F3B-F15B-9CC027D8DB2A}.Release|Any CPU.Build.0 = Release|Any CPU
	EndGlobalSection
	GlobalSection(SolutionProperties) = preSolution
		HideSolutionNode = FALSE
	EndGlobalSection
																																																																																																																																																																																																																																																																											GlobalSection(MonoDevelopProperties) = preSolution
																																																																																																																																																																															GlobalSection(MonoDevelopProperties) = preSolution
																																GlobalSection(MonoDevelopProperties) = preSolution
																											GlobalSection(MonoDevelopProperties) = preSolution
																									GlobalSection(MonoDevelopProperties) = preSolution
		StartupItem = Assembly-CSharp.csproj
		Policies = $0
		$0.TextStylePolicy = $1
		$1.inheritsSet = null
		$1.scope = text/x-csharp
		$0.CSharpFormattingPolicy = $2
		$2.inheritsSet = Mono
		$2.inheritsScope = text/x-csharp
		$2.scope = text/x-csharp
		$0.TextStylePolicy = $3
		$3.FileWidth = 120
		$3.TabWidth = 4
		$3.EolMarker = Unix
		$3.inheritsSet = Mono
		$3.inheritsScope = text/plain
		$3.scope = text/plain
	EndGlobalSection

EndGlobal
